github.com/BurntSushi/toml v1.3.2 h1:o7IhLm0Msx3BaB+n3Ag7L8EVlByGnpq14C4YWiu/gL8=
github.com/BurntSushi/toml v1.3.2/go.mod h1:CxXYINrC8qIiEnFrOxCa7Jy5BFHlXnUU2pbicEuybxQ=
github.com/andybrewer/mack v0.0.0-20220307193339-22e922cc18af h1:PNE0xdyuLeOTujftqZs8DlhDoi+T54ONZhiGOxH5t2A=
github.com/andybrewer/mack v0.0.0-20220307193339-22e922cc18af/go.mod h1:oUO968BJnuljnB5tntrY3w3zDfI5/PqnQ+RuiZ8aFhk=
github.com/go-stack/stack v1.8.1/go.mod h1:dcoOX6HbPZSZptuspn9bctJ+N/CnF5gGygcUP3XYfe4=
github.com/gofrs/uuid v4.4.0+incompatible h1:3qXRTX8/NbyulANqlc0lchS1gqAVxRgsuW1YrTJupqA=
github.com/gofrs/uuid v4.4.0+incompatible/go.mod h1:b2aQJv3Z4Fp6yNu3cdSllBxTCLRxnplIgP/c0N/04lM=
github.com/google/go-cmp v0.6.0 h1:ofyhxvXcZhMsU5ulbFiLKl/XBFqE1GSq7atu8tAmTRI=
github.com/google/go-cmp v0.6.0/go.mod h1:17dUlkBOakJ0+DkrSSNjCkIjxS6bF9zb3elmeNGIjoY=
github.com/inconshreveable/log15 v3.0.0-testing.5+incompatible/go.mod h1:cOaXtrgN4ScfRrD9Bre7U1thNq5RtJ8ZoP4iXVGRj6o=
github.com/kevinburke/bigtext v0.0.0-20220519224329-c26d116ded71 h1:3oXjNshpzMGtjE3FIDnbM4noU3FAnLfw9iE6nAci2rA=
github.com/kevinburke/bigtext v0.0.0-20220519224329-c26d116ded71/go.mod h1:SSTLTHEc7/Ab2fjt3WUcTB3VKp0U207/840y65prNfE=
github.com/kevinburke/go-git v0.0.0-20220520045906-9c1360549bac h1:EmCgJfNijEd7NfBLCvYerlQkOmiIvfSHQxcIjfEZn6o=
github.com/kevinburke/go-git v0.0.0-20220520045906-9c1360549bac/go.mod h1:4RlEwkbGEyJ6ME+ZaBb3HehOZf0wBj7okX8XIcikjBE=
github.com/kevinburke/go-types v0.0.0-20210723172823-2deba1f80ba7 h1:K8qael4LemsmJCGt+ccI8b0fCNFDttmEu3qtpFt3G0M=
github.com/kevinburke/go-types v0.0.0-20210723172823-2deba1f80ba7/go.mod h1:/Pk5i/SqYdYv1cie5wGwoZ4P6TpgMi+Yf58mtJSHdOw=
github.com/kevinburke/rest v0.0.0-20231107185522-a9c371f90234 h1:wMgTpL99gp1GUW9n7rtSB7Oad7xAKX+KgHftVctE7RQ=
github.com/kevinburke/rest v0.0.0-20231107185522-a9c371f90234/go.mod h1:dcLMT8KO9krIMJQ4578Lex1Su6ewuJUqEDeQ1nTORug=
github.com/mattn/go-colorable v0.1.13/go.mod h1:7S9/ev0klgBDR4GtXTXX8a3vIGJpMovkB8vQcUbaXHg=
github.com/mattn/go-isatty v0.0.16/go.mod h1:kYGgaQfpe5nmfYZH+SKPsOc2e4SrIfOl2e/yFXSvRLM=
github.com/pkg/browser v0.0.0-20240102092130-5ac0b6a4141c h1:+mdjkGKdHQG3305AYmdv1U2eRNDiU2ErMBj1gwrq8eQ=
github.com/pkg/browser v0.0.0-20240102092130-5ac0b6a4141c/go.mod h1:7rwL4CYBLnjLxUqIJNnCWiEdr3bn6IUYi15bNlnbCCU=
golang.org/x/sys v0.0.0-20220811171246-fbc7d0a398ab/go.mod h1:oPkhp1MJrh7nUepCBck5+mAzfO9JrbApNNgaTdGDITg=
golang.org/x/sys v0.1.0/go.mod h1:oPkhp1MJrh7nUepCBck5+mAzfO9JrbApNNgaTdGDITg=
golang.org/x/sys v0.13.0/go.mod h1:oPkhp1MJrh7nUepCBck5+mAzfO9JrbApNNgaTdGDITg=
golang.org/x/sys v0.14.0/go.mod h1:/VUhepiaJMQUp4+oa/7Zr1D23ma6VTLIYjOOTFZPUcA=
golang.org/x/sys v0.17.0 h1:25cE3gD+tdBA7lp7QfhuV+rJiE9YXTcS3VG1SqssI/Y=
golang.org/x/sys v0.17.0/go.mod h1:/VUhepiaJMQUp4+oa/7Zr1D23ma6VTLIYjOOTFZPUcA=
golang.org/x/term v0.13.0/go.mod h1:LTmsnFJwVN6bCy1rVCoS+qHT1HhALEFxKncY3WNNh4U=
golang.org/x/term v0.17.0 h1:mkTF7LCd6WGJNL3K1Ad7kwxNfYAW6a8a8QqtMblp/4U=
golang.org/x/term v0.17.0/go.mod h1:lLRBjIVuehSbZlaOtGMbcMncT+aqLLLmKrsjNrUguwk=
