github.com/BurntSushi/toml v1.2.1 h1:9F2/+DoOYIOksmaJFPw1tGFy1eDnIJXg+UHjuD8lTak=
github.com/BurntSushi/toml v1.2.1/go.mod h1:CxXYINrC8qIiEnFrOxCa7Jy5BFHlXnUU2pbicEuybxQ=
github.com/andybrewer/mack v0.0.0-20220307193339-22e922cc18af h1:PNE0xdyuLeOTujftqZs8DlhDoi+T54ONZhiGOxH5t2A=
github.com/andybrewer/mack v0.0.0-20220307193339-22e922cc18af/go.mod h1:oUO968BJnuljnB5tntrY3w3zDfI5/PqnQ+RuiZ8aFhk=
github.com/gofrs/uuid v4.4.0+incompatible h1:3qXRTX8/NbyulANqlc0lchS1gqAVxRgsuW1YrTJupqA=
github.com/gofrs/uuid v4.4.0+incompatible/go.mod h1:b2aQJv3Z4Fp6yNu3cdSllBxTCLRxnplIgP/c0N/04lM=
github.com/google/go-cmp v0.5.9 h1:O2Tfq5qg4qc4AmwVlvv0oLiVAGB7enBSJ2x2DqQFi38=
github.com/google/go-cmp v0.5.9/go.mod h1:17dUlkBOakJ0+DkrSSNjCkIjxS6bF9zb3elmeNGIjoY=
github.com/kevinburke/bigtext v0.0.0-20220519224329-c26d116ded71 h1:3oXjNshpzMGtjE3FIDnbM4noU3FAnLfw9iE6nAci2rA=
github.com/kevinburke/bigtext v0.0.0-20220519224329-c26d116ded71/go.mod h1:SSTLTHEc7/Ab2fjt3WUcTB3VKp0U207/840y65prNfE=
github.com/kevinburke/go-git v0.0.0-20220520045906-9c1360549bac h1:EmCgJfNijEd7NfBLCvYerlQkOmiIvfSHQxcIjfEZn6o=
github.com/kevinburke/go-git v0.0.0-20220520045906-9c1360549bac/go.mod h1:4RlEwkbGEyJ6ME+ZaBb3HehOZf0wBj7okX8XIcikjBE=
github.com/kevinburke/go-types v0.0.0-20210723172823-2deba1f80ba7 h1:K8qael4LemsmJCGt+ccI8b0fCNFDttmEu3qtpFt3G0M=
github.com/kevinburke/go-types v0.0.0-20210723172823-2deba1f80ba7/go.mod h1:/Pk5i/SqYdYv1cie5wGwoZ4P6TpgMi+Yf58mtJSHdOw=
github.com/kevinburke/rest v0.0.0-20230306061549-8f487d822ad0 h1:2b9anKtyO/UTUQb+TAdPAW+w0p9xCIvng4fdZJ2xsYk=
github.com/kevinburke/rest v0.0.0-20230306061549-8f487d822ad0/go.mod h1:pD+iEcdAGVXld5foVN4e24zb/6fnb60tgZPZ3P/3T/I=
github.com/pkg/browser v0.0.0-20210911075715-681adbf594b8 h1:KoWmjvw+nsYOo29YJK9vDA65RGE3NrOnUtO7a+RF9HU=
github.com/pkg/browser v0.0.0-20210911075715-681adbf594b8/go.mod h1:HKlIX3XHQyzLZPlr7++PzdhaXEj94dEiJgZDTsxEqUI=
golang.org/x/sys v0.0.0-20210616045830-e2b7044e8c71/go.mod h1:oPkhp1MJrh7nUepCBck5+mAzfO9JrbApNNgaTdGDITg=
golang.org/x/sys v0.7.0 h1:3jlCCIQZPdOYu1h8BkNvLz8Kgwtae2cagcG/VamtZRU=
golang.org/x/sys v0.7.0/go.mod h1:oPkhp1MJrh7nUepCBck5+mAzfO9JrbApNNgaTdGDITg=
golang.org/x/term v0.6.0 h1:clScbb1cHjoCkyRbWwBEUZ5H/tIFu5TAXIqaZD0Gcjw=
golang.org/x/term v0.6.0/go.mod h1:m6U89DPEgQRMq3DNkDClhWw02AUbt2daBVO4cn4Hv9U=
