# This file is autogenerated, do not edit; changes may be undone by the next 'dep ensure'.


[[projects]]
  digest = "1:d35282036dd7e806bbfadb9d537042ba24a086178565b9547253b8ef48941766"
  name = "github.com/gofrs/uuid"
  packages = ["."]
  pruneopts = "UT"
  revision = "0c84a43ce25087b7041833685982950a65630d28"
  version = "v4.2.0"

[[projects]]
  digest = "1:5201d435c156e730eedb0ce43d47b102860d514cb082fbe4b5cd837d5d6e3ac8"
  name = "github.com/kevinburke/bigtext"
  packages = ["."]
  pruneopts = "UT"
  revision = "fd72dcfb912b32532896bbc98413e5bd425eb315"
  version = "0.2"

[[projects]]
  digest = "1:235804da971ec3e033eb75dfaaa9de66596046c451bedc5c1db014704994a7eb"
  name = "github.com/kevinburke/go-git"
  packages = ["."]
  pruneopts = "UT"
  revision = "a80951215dcdab40c2e51751766eca2d5f9bb027"
  version = "0.8"

[[projects]]
  digest = "1:413b8a48a1cb840a1cc144a1f9935f193e362608cd8f9464b6ebfd7d5ca68a0d"
  name = "github.com/kevinburke/go-types"
  packages = ["."]
  pruneopts = "UT"
  revision = "2deba1f80ba7b6516678685e855be6f58fb55c17"
  version = "1.2"

[[projects]]
  digest = "1:141bfc54adce398def0774f0aa6e4e481dfad703ea8b38af62a8eb9f4f5ec512"
  name = "github.com/kevinburke/rest"
  packages = [
    "restclient",
    "resterror",
  ]
  pruneopts = "UT"
  revision = "1fcb8c8e902286848c3f2dda2c432163c79e0604"
  version = "2.6"

[solve-meta]
  analyzer-name = "dep"
  analyzer-version = 1
  input-imports = [
    "github.com/kevinburke/bigtext",
    "github.com/kevinburke/go-git",
    "github.com/kevinburke/go-types",
    "github.com/kevinburke/rest/restclient",
    "github.com/kevinburke/rest/resterror",
  ]
  solver-name = "gps-cdcl"
  solver-version = 1
