# This file is autogenerated, do not edit; changes may be undone by the next 'dep ensure'.


[[projects]]
  digest = "1:018965899654fc9a2d7c0c4349a78cf896d4d8e32b956623d0d8967febe5b382"
  name = "github.com/BurntSushi/toml"
  packages = [
    ".",
    "internal",
  ]
  pruneopts = "UT"
  revision = "891d2617ddbdfa265c4095b53103c010c98e6591"
  version = "v1.1.0"

[[projects]]
  digest = "1:d35282036dd7e806bbfadb9d537042ba24a086178565b9547253b8ef48941766"
  name = "github.com/gofrs/uuid"
  packages = ["."]
  pruneopts = "UT"
  revision = "0c84a43ce25087b7041833685982950a65630d28"
  version = "v4.2.0"

[[projects]]
  branch = "master"
  digest = "1:e6d84de5bc9cd4cf4cfe4bce65b449cbdd8b1d613c72444940d4df2c68aeb2d1"
  name = "github.com/juju/ansiterm"
  packages = ["tabwriter"]
  pruneopts = "UT"
  revision = "8b71cc96ebdcf1786021219160dacfda2b51cdbe"

[[projects]]
  digest = "1:5201d435c156e730eedb0ce43d47b102860d514cb082fbe4b5cd837d5d6e3ac8"
  name = "github.com/kevinburke/bigtext"
  packages = ["."]
  pruneopts = "UT"
  revision = "fd72dcfb912b32532896bbc98413e5bd425eb315"
  version = "0.2"

[[projects]]
  digest = "1:235804da971ec3e033eb75dfaaa9de66596046c451bedc5c1db014704994a7eb"
  name = "github.com/kevinburke/go-git"
  packages = ["."]
  pruneopts = "UT"
  revision = "a80951215dcdab40c2e51751766eca2d5f9bb027"
  version = "0.8"

[[projects]]
  digest = "1:413b8a48a1cb840a1cc144a1f9935f193e362608cd8f9464b6ebfd7d5ca68a0d"
  name = "github.com/kevinburke/go-types"
  packages = ["."]
  pruneopts = "UT"
  revision = "2deba1f80ba7b6516678685e855be6f58fb55c17"
  version = "1.2"

[[projects]]
  digest = "1:141bfc54adce398def0774f0aa6e4e481dfad703ea8b38af62a8eb9f4f5ec512"
  name = "github.com/kevinburke/rest"
  packages = [
    "restclient",
    "resterror",
  ]
  pruneopts = "UT"
  revision = "1fcb8c8e902286848c3f2dda2c432163c79e0604"
  version = "2.6"

[[projects]]
  digest = "1:2dc8db55c5b223e6cd50aa7915e698cfcf56d1ddfa89bbbf65e24729e0a0200a"
  name = "github.com/lunixbochs/vtclean"
  packages = ["."]
  pruneopts = "UT"
  revision = "88cfb0c2efe8ed7b0ccf0af83db39359829027bb"
  version = "v1.0.0"

[[projects]]
  branch = "master"
  digest = "1:02bf1be620807d71e8975ba373b1ce2cd97fefcc95d676a98fad4bb498f27083"
  name = "github.com/pkg/browser"
  packages = ["."]
  pruneopts = "UT"
  revision = "681adbf594b8314eb76d83a271f4a1c152d057d9"

[[projects]]
  branch = "master"
  digest = "1:f44e92167ce68d42b1523107a7195701e4849290ac36a396fea99460713b52ac"
  name = "golang.org/x/sys"
  packages = [
    "internal/unsafeheader",
    "plan9",
    "unix",
    "windows",
  ]
  pruneopts = "UT"
  revision = "45d2b4557a2a50b687a904f1bd993f5881d3a23a"

[[projects]]
  branch = "master"
  digest = "1:a59e28d301b916e05bc86776625dd953bd670a608453970d9881f26ccbda5abb"
  name = "golang.org/x/term"
  packages = ["."]
  pruneopts = "UT"
  revision = "e5f449aeb1717c7a4156811d5d65510fee9d1530"

[solve-meta]
  analyzer-name = "dep"
  analyzer-version = 1
  input-imports = [
    "github.com/BurntSushi/toml",
    "github.com/juju/ansiterm/tabwriter",
    "github.com/kevinburke/bigtext",
    "github.com/kevinburke/go-git",
    "github.com/kevinburke/go-types",
    "github.com/kevinburke/rest/restclient",
    "github.com/kevinburke/rest/resterror",
    "github.com/pkg/browser",
    "golang.org/x/term",
  ]
  solver-name = "gps-cdcl"
  solver-version = 1
